
Microsoft Visual Studio Solution File, Format Version 12.00
# Visual Studio Version 17
VisualStudioVersion = 17.12.35527.113
MinimumVisualStudioVersion = 10.0.40219.1
Project("{FAE04EC0-301F-11D3-BF4B-00C04F79EFBC}") = "not_uygulamsı(veritabanlı)", "not_uygulamsı(veritabanlı)\not_uygulamsı(veritabanlı).csproj", "{FBE3FDB5-C57A-4411-9457-D0F65133BE73}"
EndProject
Project("{2150E333-8FDC-42A3-9474-1A3956D46DE8}") = "Solution Items", "Solution Items", "{8439D303-1BB3-4D82-89AB-22F89CE7BE0F}"
	ProjectSection(SolutionItems) = preProject
		.editorconfig = .editorconfig
	EndProjectSection
EndProject
Global
	GlobalSection(SolutionConfigurationPlatforms) = preSolution
		Debug|Any CPU = Debug|Any CPU
		Release|Any CPU = Release|Any CPU
	EndGlobalSection
	GlobalSection(ProjectConfigurationPlatforms) = postSolution
		{FBE3FDB5-C57A-4411-9457-D0F65133BE73}.Debug|Any CPU.ActiveCfg = Debug|Any CPU
		{FBE3FDB5-C57A-4411-9457-D0F65133BE73}.Debug|Any CPU.Build.0 = Debug|Any CPU
		{FBE3FDB5-C57A-4411-9457-D0F65133BE73}.Release|Any CPU.ActiveCfg = Release|Any CPU
		{FBE3FDB5-C57A-4411-9457-D0F65133BE73}.Release|Any CPU.Build.0 = Release|Any CPU
	EndGlobalSection
	GlobalSection(SolutionProperties) = preSolution
		HideSolutionNode = FALSE
	EndGlobalSection
EndGlobal
